
Microsoft Visual Studio Solution File, Format Version 12.00
# Visual Studio Version 17
VisualStudioVersion = 17.11.35208.52
MinimumVisualStudioVersion = 10.0.40219.1
Project("{FAE04EC0-301F-11D3-BF4B-00C04F79EFBC}") = "xyToolz", "xyToolz\xyToolz.csproj", "{34B0C0BC-D5D3-48C6-92B6-BDA723F8B895}"
EndProject
Project("{2150E333-8FDC-42A3-9474-1A3956D46DE8}") = "Solution Items", "Solution Items", "{02EA681E-C7D8-13C7-8484-4AC65E1B71E8}"
	ProjectSection(SolutionItems) = preProject
		.editorconfig = .editorconfig
	EndProjectSection
EndProject
Project("{2150E333-8FDC-42A3-9474-1A3956D46DE8}") = "Projektmappenelemente", "Projektmappenelemente", "{84D27F74-D2BA-6C25-2661-968F101900D9}"
EndProject
Project("{2150E333-8FDC-42A3-9474-1A3956D46DE8}") = "xyComponents", "xyComponents", "{9AE572ED-47EE-4314-8638-485E85E02AEB}"
EndProject
Project("{FAE04EC0-301F-11D3-BF4B-00C04F79EFBC}") = "xyChrono", "xyComponents\xyChrono\xyChrono.csproj", "{AFC136F8-FC50-4FBD-8635-612092B28D25}"
EndProject
Project("{FAE04EC0-301F-11D3-BF4B-00C04F79EFBC}") = "xyEnumerables", "xyComponents\xyEnumerables\xyEnumerables.csproj", "{6F636A94-0824-43B7-8737-505AE40C7F29}"
EndProject
Project("{FAE04EC0-301F-11D3-BF4B-00C04F79EFBC}") = "xyExtensions", "xyComponents\xyExtensions\xyExtensions.csproj", "{6D9024A9-1907-4DAF-92F0-2430B48077D0}"
EndProject
Project("{FAE04EC0-301F-11D3-BF4B-00C04F79EFBC}") = "xyFilesystem", "xyComponents\xyFilesystem\xyFilesystem.csproj", "{AFD180FF-05D6-4B23-BAF6-7DBA725DBCF7}"
EndProject
Project("{FAE04EC0-301F-11D3-BF4B-00C04F79EFBC}") = "xyFonts", "xyComponents\xyFonts\xyFonts.csproj", "{1AF65A3C-D825-4EE4-A138-63EA66AB288C}"
EndProject
Project("{FAE04EC0-301F-11D3-BF4B-00C04F79EFBC}") = "xyMaths", "xyComponents\xyMaths\xyMaths.csproj", "{1A20DFD8-1E5F-493D-AE82-D4B9A737C99B}"
EndProject
Project("{FAE04EC0-301F-11D3-BF4B-00C04F79EFBC}") = "xyPdf", "xyComponents\xyPdf\xyPdf.csproj", "{0D03EFC6-D4B5-45B8-B328-0F52F8E1446B}"
EndProject
Project("{FAE04EC0-301F-11D3-BF4B-00C04F79EFBC}") = "xyQOL", "xyComponents\xyQOL\xyQOL.csproj", "{EA341B52-9962-430E-A330-0224EBED47AE}"
EndProject
Project("{FAE04EC0-301F-11D3-BF4B-00C04F79EFBC}") = "xySecurity", "xyComponents\xySecurity\xySecurity.csproj", "{5E2ED90E-34D3-423A-9E8D-0707CD780131}"
EndProject
Project("{FAE04EC0-301F-11D3-BF4B-00C04F79EFBC}") = "xySerialization", "xyComponents\xySerialization\xySerialization.csproj", "{A1947283-B474-4BE7-B9FC-DBB9139A61E3}"
EndProject
Project("{FAE04EC0-301F-11D3-BF4B-00C04F79EFBC}") = "xyToolz_Exec", "xyToolz_Exec\xyToolz_Exec.csproj", "{B9490CCC-34A5-4BCE-8844-8A8E9DF516AB}"
EndProject
Project("{FAE04EC0-301F-11D3-BF4B-00C04F79EFBC}") = "xyToolz.Tests", "xyToolz.Tests\xyToolz.Tests.csproj", "{379FDA78-A41D-4FD9-8B4E-15649B9003CA}"
EndProject
Global
	GlobalSection(SolutionConfigurationPlatforms) = preSolution
		Debug|Any CPU = Debug|Any CPU
		Release|Any CPU = Release|Any CPU
	EndGlobalSection
	GlobalSection(ProjectConfigurationPlatforms) = postSolution
		{34B0C0BC-D5D3-48C6-92B6-BDA723F8B895}.Debug|Any CPU.ActiveCfg = Debug|Any CPU
		{34B0C0BC-D5D3-48C6-92B6-BDA723F8B895}.Debug|Any CPU.Build.0 = Debug|Any CPU
		{34B0C0BC-D5D3-48C6-92B6-BDA723F8B895}.Release|Any CPU.ActiveCfg = Release|Any CPU
		{34B0C0BC-D5D3-48C6-92B6-BDA723F8B895}.Release|Any CPU.Build.0 = Release|Any CPU
		{AFC136F8-FC50-4FBD-8635-612092B28D25}.Debug|Any CPU.ActiveCfg = Debug|Any CPU
		{AFC136F8-FC50-4FBD-8635-612092B28D25}.Debug|Any CPU.Build.0 = Debug|Any CPU
		{AFC136F8-FC50-4FBD-8635-612092B28D25}.Release|Any CPU.ActiveCfg = Release|Any CPU
		{AFC136F8-FC50-4FBD-8635-612092B28D25}.Release|Any CPU.Build.0 = Release|Any CPU
		{6F636A94-0824-43B7-8737-505AE40C7F29}.Debug|Any CPU.ActiveCfg = Debug|Any CPU
		{6F636A94-0824-43B7-8737-505AE40C7F29}.Debug|Any CPU.Build.0 = Debug|Any CPU
		{6F636A94-0824-43B7-8737-505AE40C7F29}.Release|Any CPU.ActiveCfg = Release|Any CPU
		{6F636A94-0824-43B7-8737-505AE40C7F29}.Release|Any CPU.Build.0 = Release|Any CPU
		{6D9024A9-1907-4DAF-92F0-2430B48077D0}.Debug|Any CPU.ActiveCfg = Debug|Any CPU
		{6D9024A9-1907-4DAF-92F0-2430B48077D0}.Debug|Any CPU.Build.0 = Debug|Any CPU
		{6D9024A9-1907-4DAF-92F0-2430B48077D0}.Release|Any CPU.ActiveCfg = Release|Any CPU
		{6D9024A9-1907-4DAF-92F0-2430B48077D0}.Release|Any CPU.Build.0 = Release|Any CPU
		{AFD180FF-05D6-4B23-BAF6-7DBA725DBCF7}.Debug|Any CPU.ActiveCfg = Debug|Any CPU
		{AFD180FF-05D6-4B23-BAF6-7DBA725DBCF7}.Debug|Any CPU.Build.0 = Debug|Any CPU
		{AFD180FF-05D6-4B23-BAF6-7DBA725DBCF7}.Release|Any CPU.ActiveCfg = Release|Any CPU
		{AFD180FF-05D6-4B23-BAF6-7DBA725DBCF7}.Release|Any CPU.Build.0 = Release|Any CPU
		{1AF65A3C-D825-4EE4-A138-63EA66AB288C}.Debug|Any CPU.ActiveCfg = Debug|Any CPU
		{1AF65A3C-D825-4EE4-A138-63EA66AB288C}.Debug|Any CPU.Build.0 = Debug|Any CPU
		{1AF65A3C-D825-4EE4-A138-63EA66AB288C}.Release|Any CPU.ActiveCfg = Release|Any CPU
		{1AF65A3C-D825-4EE4-A138-63EA66AB288C}.Release|Any CPU.Build.0 = Release|Any CPU
		{1A20DFD8-1E5F-493D-AE82-D4B9A737C99B}.Debug|Any CPU.ActiveCfg = Debug|Any CPU
		{1A20DFD8-1E5F-493D-AE82-D4B9A737C99B}.Debug|Any CPU.Build.0 = Debug|Any CPU
		{1A20DFD8-1E5F-493D-AE82-D4B9A737C99B}.Release|Any CPU.ActiveCfg = Release|Any CPU
		{1A20DFD8-1E5F-493D-AE82-D4B9A737C99B}.Release|Any CPU.Build.0 = Release|Any CPU
		{0D03EFC6-D4B5-45B8-B328-0F52F8E1446B}.Debug|Any CPU.ActiveCfg = Debug|Any CPU
		{0D03EFC6-D4B5-45B8-B328-0F52F8E1446B}.Debug|Any CPU.Build.0 = Debug|Any CPU
		{0D03EFC6-D4B5-45B8-B328-0F52F8E1446B}.Release|Any CPU.ActiveCfg = Release|Any CPU
		{0D03EFC6-D4B5-45B8-B328-0F52F8E1446B}.Release|Any CPU.Build.0 = Release|Any CPU
		{EA341B52-9962-430E-A330-0224EBED47AE}.Debug|Any CPU.ActiveCfg = Debug|Any CPU
		{EA341B52-9962-430E-A330-0224EBED47AE}.Debug|Any CPU.Build.0 = Debug|Any CPU
		{EA341B52-9962-430E-A330-0224EBED47AE}.Release|Any CPU.ActiveCfg = Release|Any CPU
		{EA341B52-9962-430E-A330-0224EBED47AE}.Release|Any CPU.Build.0 = Release|Any CPU
		{5E2ED90E-34D3-423A-9E8D-0707CD780131}.Debug|Any CPU.ActiveCfg = Debug|Any CPU
		{5E2ED90E-34D3-423A-9E8D-0707CD780131}.Debug|Any CPU.Build.0 = Debug|Any CPU
		{5E2ED90E-34D3-423A-9E8D-0707CD780131}.Release|Any CPU.ActiveCfg = Release|Any CPU
		{5E2ED90E-34D3-423A-9E8D-0707CD780131}.Release|Any CPU.Build.0 = Release|Any CPU
		{A1947283-B474-4BE7-B9FC-DBB9139A61E3}.Debug|Any CPU.ActiveCfg = Debug|Any CPU
		{A1947283-B474-4BE7-B9FC-DBB9139A61E3}.Debug|Any CPU.Build.0 = Debug|Any CPU
		{A1947283-B474-4BE7-B9FC-DBB9139A61E3}.Release|Any CPU.ActiveCfg = Release|Any CPU
		{A1947283-B474-4BE7-B9FC-DBB9139A61E3}.Release|Any CPU.Build.0 = Release|Any CPU
		{B9490CCC-34A5-4BCE-8844-8A8E9DF516AB}.Debug|Any CPU.ActiveCfg = Debug|Any CPU
		{B9490CCC-34A5-4BCE-8844-8A8E9DF516AB}.Debug|Any CPU.Build.0 = Debug|Any CPU
		{B9490CCC-34A5-4BCE-8844-8A8E9DF516AB}.Release|Any CPU.ActiveCfg = Release|Any CPU
		{B9490CCC-34A5-4BCE-8844-8A8E9DF516AB}.Release|Any CPU.Build.0 = Release|Any CPU
		{379FDA78-A41D-4FD9-8B4E-15649B9003CA}.Debug|Any CPU.ActiveCfg = Debug|Any CPU
		{379FDA78-A41D-4FD9-8B4E-15649B9003CA}.Debug|Any CPU.Build.0 = Debug|Any CPU
		{379FDA78-A41D-4FD9-8B4E-15649B9003CA}.Release|Any CPU.ActiveCfg = Release|Any CPU
		{379FDA78-A41D-4FD9-8B4E-15649B9003CA}.Release|Any CPU.Build.0 = Release|Any CPU
	EndGlobalSection
	GlobalSection(SolutionProperties) = preSolution
		HideSolutionNode = FALSE
	EndGlobalSection
	GlobalSection(ExtensibilityGlobals) = postSolution
		SolutionGuid = {41D2DC96-0E74-4C46-93BD-10085A767796}
	EndGlobalSection
	GlobalSection(NestedProjects) = preSolution
		{AFC136F8-FC50-4FBD-8635-612092B28D25} = {9AE572ED-47EE-4314-8638-485E85E02AEB}
		{6F636A94-0824-43B7-8737-505AE40C7F29} = {9AE572ED-47EE-4314-8638-485E85E02AEB}
		{6D9024A9-1907-4DAF-92F0-2430B48077D0} = {9AE572ED-47EE-4314-8638-485E85E02AEB}
		{AFD180FF-05D6-4B23-BAF6-7DBA725DBCF7} = {9AE572ED-47EE-4314-8638-485E85E02AEB}
		{1AF65A3C-D825-4EE4-A138-63EA66AB288C} = {9AE572ED-47EE-4314-8638-485E85E02AEB}
		{1A20DFD8-1E5F-493D-AE82-D4B9A737C99B} = {9AE572ED-47EE-4314-8638-485E85E02AEB}
		{0D03EFC6-D4B5-45B8-B328-0F52F8E1446B} = {9AE572ED-47EE-4314-8638-485E85E02AEB}
		{EA341B52-9962-430E-A330-0224EBED47AE} = {9AE572ED-47EE-4314-8638-485E85E02AEB}
		{5E2ED90E-34D3-423A-9E8D-0707CD780131} = {9AE572ED-47EE-4314-8638-485E85E02AEB}
		{A1947283-B474-4BE7-B9FC-DBB9139A61E3} = {9AE572ED-47EE-4314-8638-485E85E02AEB}
	EndGlobalSection
EndGlobal
